
Microsoft Visual Studio Solution File, Format Version 12.00
# Visual Studio Version 16
VisualStudioVersion = 16.0.30804.86
MinimumVisualStudioVersion = 15.0.26124.0
Project("{2150E333-8FDC-42A3-9474-1A3956D46DE8}") = "Libraries", "Libraries", "{1A27400B-E999-4C0A-9410-3F2B96E76389}"
EndProject
Project("{9A19103F-16F7-4668-BE54-9A1E7A4F7556}") = "Onion.Web", "Onion.Web\Onion.Web.csproj", "{32A49B55-89D6-4307-B991-0EF46AF2426D}"
EndProject
Project("{FAE04EC0-301F-11D3-BF4B-00C04F79EFBC}") = "Onion.Services", "Libraries\Onion.Services\Onion.Services.csproj", "{15E09005-0231-4AC8-AA98-09DB0774019A}"
EndProject
Project("{FAE04EC0-301F-11D3-BF4B-00C04F79EFBC}") = "Onion.Domain", "Libraries\Onion.Domain\Onion.Domain.csproj", "{02BF89C5-999E-4172-8D64-466035B193E8}"
EndProject
Project("{FAE04EC0-301F-11D3-BF4B-00C04F79EFBC}") = "Onion.Data", "Libraries\Onion.Data\Onion.Data.csproj", "{460DDF5F-7828-4965-B62F-919D17C892E0}"
EndProject
Global
	GlobalSection(SolutionConfigurationPlatforms) = preSolution
		Debug|Any CPU = Debug|Any CPU
		Debug|x64 = Debug|x64
		Debug|x86 = Debug|x86
		Release|Any CPU = Release|Any CPU
		Release|x64 = Release|x64
		Release|x86 = Release|x86
	EndGlobalSection
	GlobalSection(ProjectConfigurationPlatforms) = postSolution
		{32A49B55-89D6-4307-B991-0EF46AF2426D}.Debug|Any CPU.ActiveCfg = Debug|Any CPU
		{32A49B55-89D6-4307-B991-0EF46AF2426D}.Debug|Any CPU.Build.0 = Debug|Any CPU
		{32A49B55-89D6-4307-B991-0EF46AF2426D}.Debug|x64.ActiveCfg = Debug|Any CPU
		{32A49B55-89D6-4307-B991-0EF46AF2426D}.Debug|x64.Build.0 = Debug|Any CPU
		{32A49B55-89D6-4307-B991-0EF46AF2426D}.Debug|x86.ActiveCfg = Debug|Any CPU
		{32A49B55-89D6-4307-B991-0EF46AF2426D}.Debug|x86.Build.0 = Debug|Any CPU
		{32A49B55-89D6-4307-B991-0EF46AF2426D}.Release|Any CPU.ActiveCfg = Release|Any CPU
		{32A49B55-89D6-4307-B991-0EF46AF2426D}.Release|Any CPU.Build.0 = Release|Any CPU
		{32A49B55-89D6-4307-B991-0EF46AF2426D}.Release|x64.ActiveCfg = Release|Any CPU
		{32A49B55-89D6-4307-B991-0EF46AF2426D}.Release|x64.Build.0 = Release|Any CPU
		{32A49B55-89D6-4307-B991-0EF46AF2426D}.Release|x86.ActiveCfg = Release|Any CPU
		{32A49B55-89D6-4307-B991-0EF46AF2426D}.Release|x86.Build.0 = Release|Any CPU
		{15E09005-0231-4AC8-AA98-09DB0774019A}.Debug|Any CPU.ActiveCfg = Debug|Any CPU
		{15E09005-0231-4AC8-AA98-09DB0774019A}.Debug|Any CPU.Build.0 = Debug|Any CPU
		{15E09005-0231-4AC8-AA98-09DB0774019A}.Debug|x64.ActiveCfg = Debug|Any CPU
		{15E09005-0231-4AC8-AA98-09DB0774019A}.Debug|x64.Build.0 = Debug|Any CPU
		{15E09005-0231-4AC8-AA98-09DB0774019A}.Debug|x86.ActiveCfg = Debug|Any CPU
		{15E09005-0231-4AC8-AA98-09DB0774019A}.Debug|x86.Build.0 = Debug|Any CPU
		{15E09005-0231-4AC8-AA98-09DB0774019A}.Release|Any CPU.ActiveCfg = Release|Any CPU
		{15E09005-0231-4AC8-AA98-09DB0774019A}.Release|Any CPU.Build.0 = Release|Any CPU
		{15E09005-0231-4AC8-AA98-09DB0774019A}.Release|x64.ActiveCfg = Release|Any CPU
		{15E09005-0231-4AC8-AA98-09DB0774019A}.Release|x64.Build.0 = Release|Any CPU
		{15E09005-0231-4AC8-AA98-09DB0774019A}.Release|x86.ActiveCfg = Release|Any CPU
		{15E09005-0231-4AC8-AA98-09DB0774019A}.Release|x86.Build.0 = Release|Any CPU
		{02BF89C5-999E-4172-8D64-466035B193E8}.Debug|Any CPU.ActiveCfg = Debug|Any CPU
		{02BF89C5-999E-4172-8D64-466035B193E8}.Debug|Any CPU.Build.0 = Debug|Any CPU
		{02BF89C5-999E-4172-8D64-466035B193E8}.Debug|x64.ActiveCfg = Debug|Any CPU
		{02BF89C5-999E-4172-8D64-466035B193E8}.Debug|x64.Build.0 = Debug|Any CPU
		{02BF89C5-999E-4172-8D64-466035B193E8}.Debug|x86.ActiveCfg = Debug|Any CPU
		{02BF89C5-999E-4172-8D64-466035B193E8}.Debug|x86.Build.0 = Debug|Any CPU
		{02BF89C5-999E-4172-8D64-466035B193E8}.Release|Any CPU.ActiveCfg = Release|Any CPU
		{02BF89C5-999E-4172-8D64-466035B193E8}.Release|Any CPU.Build.0 = Release|Any CPU
		{02BF89C5-999E-4172-8D64-466035B193E8}.Release|x64.ActiveCfg = Release|Any CPU
		{02BF89C5-999E-4172-8D64-466035B193E8}.Release|x64.Build.0 = Release|Any CPU
		{02BF89C5-999E-4172-8D64-466035B193E8}.Release|x86.ActiveCfg = Release|Any CPU
		{02BF89C5-999E-4172-8D64-466035B193E8}.Release|x86.Build.0 = Release|Any CPU
		{460DDF5F-7828-4965-B62F-919D17C892E0}.Debug|Any CPU.ActiveCfg = Debug|Any CPU
		{460DDF5F-7828-4965-B62F-919D17C892E0}.Debug|Any CPU.Build.0 = Debug|Any CPU
		{460DDF5F-7828-4965-B62F-919D17C892E0}.Debug|x64.ActiveCfg = Debug|Any CPU
		{460DDF5F-7828-4965-B62F-919D17C892E0}.Debug|x64.Build.0 = Debug|Any CPU
		{460DDF5F-7828-4965-B62F-919D17C892E0}.Debug|x86.ActiveCfg = Debug|Any CPU
		{460DDF5F-7828-4965-B62F-919D17C892E0}.Debug|x86.Build.0 = Debug|Any CPU
		{460DDF5F-7828-4965-B62F-919D17C892E0}.Release|Any CPU.ActiveCfg = Release|Any CPU
		{460DDF5F-7828-4965-B62F-919D17C892E0}.Release|Any CPU.Build.0 = Release|Any CPU
		{460DDF5F-7828-4965-B62F-919D17C892E0}.Release|x64.ActiveCfg = Release|Any CPU
		{460DDF5F-7828-4965-B62F-919D17C892E0}.Release|x64.Build.0 = Release|Any CPU
		{460DDF5F-7828-4965-B62F-919D17C892E0}.Release|x86.ActiveCfg = Release|Any CPU
		{460DDF5F-7828-4965-B62F-919D17C892E0}.Release|x86.Build.0 = Release|Any CPU
	EndGlobalSection
	GlobalSection(SolutionProperties) = preSolution
		HideSolutionNode = FALSE
	EndGlobalSection
	GlobalSection(ExtensibilityGlobals) = postSolution
		SolutionGuid = {30F8D783-35F0-4284-B4F1-FB1A4D37876D}
	EndGlobalSection
	GlobalSection(NestedProjects) = preSolution
		{15E09005-0231-4AC8-AA98-09DB0774019A} = {1A27400B-E999-4C0A-9410-3F2B96E76389}
		{02BF89C5-999E-4172-8D64-466035B193E8} = {1A27400B-E999-4C0A-9410-3F2B96E76389}
		{460DDF5F-7828-4965-B62F-919D17C892E0} = {1A27400B-E999-4C0A-9410-3F2B96E76389}
	EndGlobalSection
EndGlobal
